
Microsoft Visual Studio Solution File, Format Version 12.00
# Visual Studio Version 16
VisualStudioVersion = 16.0.31729.503
MinimumVisualStudioVersion = 10.0.40219.1
Project("{8BC9CEB8-8B4A-11D0-8D11-00A0C91BC942}") = "GameEngine", "GameEngine\GameEngine.vcxproj", "{D5EE529E-5824-419E-92A6-984A0CA78BCE}"
EndProject
Project("{8BC9CEB8-8B4A-11D0-8D11-00A0C91BC942}") = "Sandbox", "Sandbox\Sandbox.vcxproj", "{06F3C3BD-697E-4746-9C67-6BCC002D144D}"
EndProject
Global
	GlobalSection(SolutionConfigurationPlatforms) = preSolution
		Debug|x64 = Debug|x64
		Release|x64 = Release|x64
	EndGlobalSection
	GlobalSection(ProjectConfigurationPlatforms) = postSolution
		{D5EE529E-5824-419E-92A6-984A0CA78BCE}.Debug|x64.ActiveCfg = Debug|x64
		{D5EE529E-5824-419E-92A6-984A0CA78BCE}.Debug|x64.Build.0 = Debug|x64
		{D5EE529E-5824-419E-92A6-984A0CA78BCE}.Release|x64.ActiveCfg = Release|x64
		{D5EE529E-5824-419E-92A6-984A0CA78BCE}.Release|x64.Build.0 = Release|x64
		{06F3C3BD-697E-4746-9C67-6BCC002D144D}.Debug|x64.ActiveCfg = Debug|x64
		{06F3C3BD-697E-4746-9C67-6BCC002D144D}.Debug|x64.Build.0 = Debug|x64
		{06F3C3BD-697E-4746-9C67-6BCC002D144D}.Release|x64.ActiveCfg = Release|x64
		{06F3C3BD-697E-4746-9C67-6BCC002D144D}.Release|x64.Build.0 = Release|x64
	EndGlobalSection
	GlobalSection(SolutionProperties) = preSolution
		HideSolutionNode = FALSE
	EndGlobalSection
	GlobalSection(ExtensibilityGlobals) = postSolution
		SolutionGuid = {B6253350-FB3A-47AA-BE48-852CE46D8477}
	EndGlobalSection
EndGlobal
